Console.WriteLine("Как вас зовут?");
string name = Console.ReadLine();
Console.WriteLine("Сколько вам лет?");
string age = Console.ReadLine();
Console.WriteLine("Где вы работаете?");
string work = Console.ReadLine();
Console.WriteLine($"Ваше имя {name},вам {age},вы рабоаете {work}");
Console.ReadKey();
